// !$*UTF8*$!
{
	archiveVersion = 1;
	classes = {
	};
	objectVersion = 46;
	objects = {

/* Begin PBXBuildFile section */
		4920A0D71C086F7000F5C1F7 /* main.m in Sources */ = {isa = PBXBuildFile; fileRef = 4920A0D61C086F7000F5C1F7 /* main.m */; };
		4920A0DA1C086F7000F5C1F7 /* AppDelegate.m in Sources */ = {isa = PBXBuildFile; fileRef = 4920A0D91C086F7000F5C1F7 /* AppDelegate.m */; };
		4920A0DD1C086F7000F5C1F7 /* ViewController.m in Sources */ = {isa = PBXBuildFile; fileRef = 4920A0DC1C086F7000F5C1F7 /* ViewController.m */; };
		4920A0E01C086F7000F5C1F7 /* Main.storyboard in Resources */ = {isa = PBXBuildFile; fileRef = 4920A0DE1C086F7000F5C1F7 /* Main.storyboard */; };
		4920A0E21C086F7000F5C1F7 /* Assets.xcassets in Resources */ = {isa = PBXBuildFile; fileRef = 4920A0E11C086F7000F5C1F7 /* Assets.xcassets */; };
		4920A0E51C086F7000F5C1F7 /* LaunchScreen.storyboard in Resources */ = {isa = PBXBuildFile; fileRef = 4920A0E31C086F7000F5C1F7 /* LaunchScreen.storyboard */; };
/* End PBXBuildFile section */

/* Begin PBXFileReference section */
		4920A0D21C086F7000F5C1F7 /* Player.app */ = {isa = PBXFileReference; explicitFileType = wrapper.application; includeInIndex = 0; path = Player.app; sourceTree = BUILT_PRODUCTS_DIR; };
		4920A0D61C086F7000F5C1F7 /* main.m */ = {isa = PBXFileReference; lastKnownFileType = sourcecode.c.objc; path = main.m; sourceTree = "<group>"; };
		4920A0D81C086F7000F5C1F7 /* AppDelegate.h */ = {isa = PBXFileReference; lastKnownFileType = sourcecode.c.h; path = AppDelegate.h; sourceTree = "<group>"; };
		4920A0D91C086F7000F5C1F7 /* AppDelegate.m */ = {isa = PBXFileReference; lastKnownFileType = sourcecode.c.objc; path = AppDelegate.m; sourceTree = "<group>"; };
		4920A0DB1C086F7000F5C1F7 /* ViewController.h */ = {isa = PBXFileReference; lastKnownFileType = sourcecode.c.h; path = ViewController.h; sourceTree = "<group>"; };
		4920A0DC1C086F7000F5C1F7 /* ViewController.m */ = {isa = PBXFileReference; lastKnownFileType = sourcecode.c.objc; path = ViewController.m; sourceTree = "<group>"; };
		4920A0DF1C086F7000F5C1F7 /* Base */ = {isa = PBXFileReference; lastKnownFileType = file.storyboard; name = Base; path = Base.lproj/Main.storyboard; sourceTree = "<group>"; };
		4920A0E11C086F7000F5C1F7 /* Assets.xcassets */ = {isa = PBXFileReference; lastKnownFileType = folder.assetcatalog; path = Assets.xcassets; sourceTree = "<group>"; };
		4920A0E41C086F7000F5C1F7 /* Base */ = {isa = PBXFileReference; lastKnownFileType = file.storyboard; name = Base; path = Base.lproj/LaunchScreen.storyboard; sourceTree = "<group>"; };
		4920A0E61C086F7000F5C1F7 /* Info.plist */ = {isa = PBXFileReference; lastKnownFileType = text.plist.xml; path = Info.plist; sourceTree = "<group>"; };
/* End PBXFileReference section */

/* Begin PBXFrameworksBuildPhase section */
		4920A0CF1C086F7000F5C1F7 /* Frameworks */ = {
			isa = PBXFrameworksBuildPhase;
			buildActionMask = 2147483647;
			files = (
			);
			runOnlyForDeploymentPostprocessing = 0;
		};
/* End PBXFrameworksBuildPhase section */

/* Begin PBXGroup section */
		4920A0C91C086F7000F5C1F7 = {
			isa = PBXGroup;
			children = (
				4920A0D41C086F7000F5C1F7 /* Player */,
				4920A0D31C086F7000F5C1F7 /* Products */,
			);
			sourceTree = "<group>";
		};
		4920A0D31C086F7000F5C1F7 /* Products */ = {
			isa = PBXGroup;
			children = (
				4920A0D21C086F7000F5C1F7 /* Player.app */,
			);
			name = Products;
			sourceTree = "<group>";
		};
		4920A0D41C086F7000F5C1F7 /* Player */ = {
			isa = PBXGroup;
			children = (
				4920A0D81C086F7000F5C1F7 /* AppDelegate.h */,
				4920A0D91C086F7000F5C1F7 /* AppDelegate.m */,
				4920A0DB1C086F7000F5C1F7 /* ViewController.h */,
				4920A0DC1C086F7000F5C1F7 /* ViewController.m */,
				4920A0DE1C086F7000F5C1F7 /* Main.storyboard */,
				4920A0E11C086F7000F5C1F7 /* Assets.xcassets */,
				4920A0E31C086F7000F5C1F7 /* LaunchScreen.storyboard */,
				4920A0E61C086F7000F5C1F7 /* Info.plist */,
				4920A0D51C086F7000F5C1F7 /* Supporting Files */,
			);
			path = Player;
			sourceTree = "<group>";
		};
		4920A0D51C086F7000F5C1F7 /* Supporting Files */ = {
			isa = PBXGroup;
			children = (
				4920A0D61C086F7000F5C1F7 /* main.m */,
			);
			name = "Supporting Files";
			sourceTree = "<group>";
		};
/* End PBXGroup section */

/* Begin PBXNativeTarget section */
		4920A0D11C086F7000F5C1F7 /* Player */ = {
			isa = PBXNativeTarget;
			buildConfigurationList = 4920A0E91C086F7000F5C1F7 /* Build configuration list for PBXNativeTarget "Player" */;
			buildPhases = (
				4920A0CE1C086F7000F5C1F7 /* Sources */,
				4920A0CF1C086F7000F5C1F7 /* Frameworks */,
				4920A0D01C086F7000F5C1F7 /* Resources */,
			);
			buildRules = (
			);
			dependencies = (
			);
			name = Player;
			productName = Player;
			productReference = 4920A0D21C086F7000F5C1F7 /* Player.app */;
			productType = "com.apple.product-type.application";
		};
/* End PBXNativeTarget section */

/* Begin PBXProject section */
		4920A0CA1C086F7000F5C1F7 /* Project object */ = {
			isa = PBXProject;
			attributes = {
				LastUpgradeCheck = 0710;
				ORGANIZATIONNAME = "WTT&JC";
				TargetAttributes = {
					4920A0D11C086F7000F5C1F7 = {
						CreatedOnToolsVersion = 7.1;
						DevelopmentTeam = SN2DJ3JNH4;
					};
				};
			};
			buildConfigurationList = 4920A0CD1C086F7000F5C1F7 /* Build configuration list for PBXProject "Player" */;
			compatibilityVersion = "Xcode 3.2";
			developmentRegion = English;
			hasScannedForEncodings = 0;
			knownRegions = (
				en,
				Base,
			);
			mainGroup = 4920A0C91C086F7000F5C1F7;
			productRefGroup = 4920A0D31C086F7000F5C1F7 /* Products */;
			projectDirPath = "";
			projectRoot = "";
			targets = (
				4920A0D11C086F7000F5C1F7 /* Player */,
			);
		};
/* End PBXProject section */

/* Begin PBXResourcesBuildPhase section */
		4920A0D01C086F7000F5C1F7 /* Resources */ = {
			isa = PBXResourcesBuildPhase;
			buildActionMask = 2147483647;
			files = (
				4920A0E51C086F7000F5C1F7 /* LaunchScreen.storyboard in Resources */,
				4920A0E21C086F7000F5C1F7 /* Assets.xcassets in Resources */,
				4920A0E01C086F7000F5C1F7 /* Main.storyboard in Resources */,
			);
			runOnlyForDeploymentPostprocessing = 0;
		};
/* End PBXResourcesBuildPhase section */

/* Begin PBXSourcesBuildPhase section */
		4920A0CE1C086F7000F5C1F7 /* Sources */ = {
			isa = PBXSourcesBuildPhase;
			buildActionMask = 2147483647;
			files = (
				4920A0DD1C086F7000F5C1F7 /* ViewController.m in Sources */,
				4920A0DA1C086F7000F5C1F7 /* AppDelegate.m in Sources */,
				4920A0D71C086F7000F5C1F7 /* main.m in Sources */,
			);
			runOnlyForDeploymentPostprocessing = 0;
		};
/* End PBXSourcesBuildPhase section */

/* Begin PBXVariantGroup section */
		4920A0DE1C086F7000F5C1F7 /* Main.storyboard */ = {
			isa = PBXVariantGroup;
			children = (
				4920A0DF1C086F7000F5C1F7 /* Base */,
			);
			name = Main.storyboard;
			sourceTree = "<group>";
		};
		4920A0E31C086F7000F5C1F7 /* LaunchScreen.storyboard */ = {
			isa = PBXVariantGroup;
			children = (
				4920A0E41C086F7000F5C1F7 /* Base */,
			);
			name = LaunchScreen.storyboard;
			sourceTree = "<group>";
		};
/* End PBXVariantGroup section */

/* Begin XCBuildConfiguration section */
		4920A0E71C086F7000F5C1F7 /* Debug */ = {
			isa = XCBuildConfiguration;
			buildSettings = {
				ALWAYS_SEARCH_USER_PATHS = NO;
				CLANG_CXX_LANGUAGE_STANDARD = "gnu++0x";
				CLANG_CXX_LIBRARY = "libc++";
				CLANG_ENABLE_MODULES = YES;
				CLANG_ENABLE_OBJC_ARC = YES;
				CLANG_WARN_BOOL_CONVERSION = YES;
				CLANG_WARN_CONSTANT_CONVERSION = YES;
				CLANG_WARN_DIRECT_OBJC_ISA_USAGE = YES_ERROR;
				CLANG_WARN_EMPTY_BODY = YES;
				CLANG_WARN_ENUM_CONVERSION = YES;
				CLANG_WARN_INT_CONVERSION = YES;
				CLANG_WARN_OBJC_ROOT_CLASS = YES_ERROR;
				CLANG_WARN_UNREACHABLE_CODE = YES;
				CLANG_WARN__DUPLICATE_METHOD_MATCH = YES;
				"CODE_SIGN_IDENTITY[sdk=iphoneos*]" = "iPhone Developer";
				COPY_PHASE_STRIP = NO;
				DEBUG_INFORMATION_FORMAT = dwarf;
				ENABLE_STRICT_OBJC_MSGSEND = YES;
				ENABLE_TESTABILITY = YES;
				GCC_C_LANGUAGE_STANDARD = gnu99;
				GCC_DYNAMIC_NO_PIC = NO;
				GCC_NO_COMMON_BLOCKS = YES;
				GCC_OPTIMIZATION_LEVEL = 0;
				GCC_PREPROCESSOR_DEFINITIONS = (
					"DEBUG=1",
					"$(inherited)",
				);
				GCC_WARN_64_TO_32_BIT_CONVERSION = YES;
				GCC_WARN_ABOUT_RETURN_TYPE = YES_ERROR;
				GCC_WARN_UNDECLARED_SELECTOR = YES;
				GCC_WARN_UNINITIALIZED_AUTOS = YES_AGGRESSIVE;
				GCC_WARN_UNUSED_FUNCTION = YES;
				GCC_WARN_UNUSED_VARIABLE = YES;
				IPHONEOS_DEPLOYMENT_TARGET = 9.1;
				MTL_ENABLE_DEBUG_INFO = YES;
				ONLY_ACTIVE_ARCH = YES;
				SDKROOT = iphoneos;
			};
			name = Debug;
		};
		4920A0E81C086F7000F5C1F7 /* Release */ = {
			isa = XCBuildConfiguration;
			buildSettings = {
				ALWAYS_SEARCH_USER_PATHS = NO;
				CLANG_CXX_LANGUAGE_STANDARD = "gnu++0x";
				CLANG_CXX_LIBRARY = "libc++";
				CLANG_ENABLE_MODULES = YES;
				CLANG_ENABLE_OBJC_ARC = YES;
				CLANG_WARN_BOOL_CONVERSION = YES;
				CLANG_WARN_CONSTANT_CONVERSION = YES;
				CLANG_WARN_DIRECT_OBJC_ISA_USAGE = YES_ERROR;
				CLANG_WARN_EMPTY_BODY = YES;
				CLANG_WARN_ENUM_CONVERSION = YES;
				CLANG_WARN_INT_CONVERSION = YES;
				CLANG_WARN_OBJC_ROOT_CLASS = YES_ERROR;
				CLANG_WARN_UNREACHABLE_CODE = YES;
				CLANG_WARN__DUPLICATE_METHOD_MATCH = YES;
				"CODE_SIGN_IDENTITY[sdk=iphoneos*]" = "iPhone Developer";
				COPY_PHASE_STRIP = NO;
				DEBUG_INFORMATION_FORMAT = "dwarf-with-dsym";
				ENABLE_NS_ASSERTIONS = NO;
				ENABLE_STRICT_OBJC_MSGSEND = YES;
				GCC_C_LANGUAGE_STANDARD = gnu99;
				GCC_NO_COMMON_BLOCKS = YES;
				GCC_WARN_64_TO_32_BIT_CONVERSION = YES;
				GCC_WARN_ABOUT_RETURN_TYPE = YES_ERROR;
				GCC_WARN_UNDECLARED_SELECTOR = YES;
				GCC_WARN_UNINITIALIZED_AUTOS = YES_AGGRESSIVE;
				GCC_WARN_UNUSED_FUNCTION = YES;
				GCC_WARN_UNUSED_VARIABLE = YES;
				IPHONEOS_DEPLOYMENT_TARGET = 9.1;
				MTL_ENABLE_DEBUG_INFO = NO;
				SDKROOT = iphoneos;
				VALIDATE_PRODUCT = YES;
			};
			name = Release;
		};
		4920A0EA1C086F7000F5C1F7 /* Debug */ = {
			isa = XCBuildConfiguration;
			buildSettings = {
				ASSETCATALOG_COMPILER_APPICON_NAME = AppIcon;
				INFOPLIST_FILE = Player/Info.plist;
				LD_RUNPATH_SEARCH_PATHS = "$(inherited) @executable_path/Frameworks";
				PRODUCT_BUNDLE_IDENTIFIER = "jc-wtt.Player";
				PRODUCT_NAME = "$(TARGET_NAME)";
			};
			name = Debug;
		};
		4920A0EB1C086F7000F5C1F7 /* Release */ = {
			isa = XCBuildConfiguration;
			buildSettings = {
				ASSETCATALOG_COMPILER_APPICON_NAME = AppIcon;
				INFOPLIST_FILE = Player/Info.plist;
				LD_RUNPATH_SEARCH_PATHS = "$(inherited) @executable_path/Frameworks";
				PRODUCT_BUNDLE_IDENTIFIER = "jc-wtt.Player";
				PRODUCT_NAME = "$(TARGET_NAME)";
			};
			name = Release;
		};
/* End XCBuildConfiguration section */

/* Begin XCConfigurationList section */
		4920A0CD1C086F7000F5C1F7 /* Build configuration list for PBXProject "Player" */ = {
			isa = XCConfigurationList;
			buildConfigurations = (
				4920A0E71C086F7000F5C1F7 /* Debug */,
				4920A0E81C086F7000F5C1F7 /* Release */,
			);
			defaultConfigurationIsVisible = 0;
			defaultConfigurationName = Release;
		};
		4920A0E91C086F7000F5C1F7 /* Build configuration list for PBXNativeTarget "Player" */ = {
			isa = XCConfigurationList;
			buildConfigurations = (
				4920A0EA1C086F7000F5C1F7 /* Debug */,
				4920A0EB1C086F7000F5C1F7 /* Release */,
			);
			defaultConfigurationIsVisible = 0;
		};
/* End XCConfigurationList section */
	};
	rootObject = 4920A0CA1C086F7000F5C1F7 /* Project object */;
}
